
Microsoft Visual Studio Solution File, Format Version 12.00
# Visual Studio Version 16
VisualStudioVersion = 16.0.30204.135
MinimumVisualStudioVersion = 10.0.40219.1
Project("{FAE04EC0-301F-11D3-BF4B-00C04F79EFBC}") = "Konata.Core", "Konata.Core\Konata.Core.csproj", "{47052D6B-7E37-4CD2-8658-102BEDCE394D}"
EndProject
Project("{FAE04EC0-301F-11D3-BF4B-00C04F79EFBC}") = "Konata.Debug", "Konata.Debug\Konata.Debug.csproj", "{A70F3C28-12B7-4761-B09F-6C14BCA2CED2}"
EndProject
Global
	GlobalSection(SolutionConfigurationPlatforms) = preSolution
		Debug|Any CPU = Debug|Any CPU
		Release|Any CPU = Release|Any CPU
	EndGlobalSection
	GlobalSection(ProjectConfigurationPlatforms) = postSolution
		{47052D6B-7E37-4CD2-8658-102BEDCE394D}.Debug|Any CPU.ActiveCfg = Debug|Any CPU
		{47052D6B-7E37-4CD2-8658-102BEDCE394D}.Debug|Any CPU.Build.0 = Debug|Any CPU
		{47052D6B-7E37-4CD2-8658-102BEDCE394D}.Release|Any CPU.ActiveCfg = Release|Any CPU
		{47052D6B-7E37-4CD2-8658-102BEDCE394D}.Release|Any CPU.Build.0 = Release|Any CPU
		{A70F3C28-12B7-4761-B09F-6C14BCA2CED2}.Debug|Any CPU.ActiveCfg = Debug|Any CPU
		{A70F3C28-12B7-4761-B09F-6C14BCA2CED2}.Debug|Any CPU.Build.0 = Debug|Any CPU
		{A70F3C28-12B7-4761-B09F-6C14BCA2CED2}.Release|Any CPU.ActiveCfg = Release|Any CPU
		{A70F3C28-12B7-4761-B09F-6C14BCA2CED2}.Release|Any CPU.Build.0 = Release|Any CPU
	EndGlobalSection
	GlobalSection(SolutionProperties) = preSolution
		HideSolutionNode = FALSE
	EndGlobalSection
	GlobalSection(ExtensibilityGlobals) = postSolution
		SolutionGuid = {055FE8AC-3665-40BD-9F5F-984B587F2424}
	EndGlobalSection
EndGlobal
