Microsoft Visual Studio Solution File, Format Version 12.00
# Visual Studio Version 16
VisualStudioVersion = 16.0.30204.135
MinimumVisualStudioVersion = 10.0.40219.1
Project("{9A19103F-16F7-4668-BE54-9A1E7A4F7556}") = "Konata.Core", "Konata.Core.csproj", "{C06DDAF5-43DC-439F-AF6A-BB1FCB191987}"
Global
	GlobalSection(SolutionConfigurationPlatforms) = preSolution
		Debug|Any CPU = Debug|Any CPU
		Release|Any CPU = Release|Any CPU
	EndGlobalSection
	GlobalSection(ProjectConfigurationPlatforms) = postSolution
		{C06DDAF5-43DC-439F-AF6A-BB1FCB191987}.Debug|Any CPU.ActiveCfg = Debug|Any CPU
		{C06DDAF5-43DC-439F-AF6A-BB1FCB191987}.Debug|Any CPU.Build.0 = Debug|Any CPU
		{C06DDAF5-43DC-439F-AF6A-BB1FCB191987}.Release|Any CPU.ActiveCfg = Release|Any CPU
		{C06DDAF5-43DC-439F-AF6A-BB1FCB191987}.Release|Any CPU.Build.0 = Release|Any CPU
	EndGlobalSection
	GlobalSection(SolutionProperties) = preSolution
		HideSolutionNode = FALSE
	EndGlobalSection
	GlobalSection(ExtensibilityGlobals) = postSolution
		SolutionGuid = {055FE8AC-3665-40BD-9F5F-984B587F2424}
	EndGlobalSection
EndGlobal
EndProject
