
Microsoft Visual Studio Solution File, Format Version 12.00
# Visual Studio Version 16
VisualStudioVersion = 16.0.30204.135
MinimumVisualStudioVersion = 10.0.40219.1
Project("{9A19103F-16F7-4668-BE54-9A1E7A4F7556}") = "Konata.Utils", "Konata.Utils\Konata.Utils.csproj", "{2A4C97AB-52AC-45DC-A203-2B15CD710E5C}"
EndProject
Project("{9A19103F-16F7-4668-BE54-9A1E7A4F7556}") = "Konata.Test", "Konata.Test\Konata.Test.csproj", "{9A51B735-D9F4-4043-A802-03F9FE0548F4}"
EndProject
Project("{9A19103F-16F7-4668-BE54-9A1E7A4F7556}") = "Konata.Model", "Konata.Model\Konata.Model.csproj", "{C06DDAF5-43DC-439F-AF6A-BB1FCB191987}"
EndProject
Project("{FAE04EC0-301F-11D3-BF4B-00C04F79EFBC}") = "Konata.Resource", "Konata.Resource\Konata.Resource.csproj", "{B32F6F75-BC82-477E-BC1F-AA039B8687BC}"
EndProject
Project("{2150E333-8FDC-42A3-9474-1A3956D46DE8}") = "Solution Items", "Solution Items", "{BFDA5A63-B0A7-4C9C-AEBD-4F462208100A}"
	ProjectSection(SolutionItems) = preProject
		appsettings.json = appsettings.json
	EndProjectSection
EndProject
Global
	GlobalSection(SolutionConfigurationPlatforms) = preSolution
		Debug|Any CPU = Debug|Any CPU
		Release|Any CPU = Release|Any CPU
	EndGlobalSection
	GlobalSection(ProjectConfigurationPlatforms) = postSolution
		{2A4C97AB-52AC-45DC-A203-2B15CD710E5C}.Debug|Any CPU.ActiveCfg = Debug|Any CPU
		{2A4C97AB-52AC-45DC-A203-2B15CD710E5C}.Debug|Any CPU.Build.0 = Debug|Any CPU
		{2A4C97AB-52AC-45DC-A203-2B15CD710E5C}.Release|Any CPU.ActiveCfg = Release|Any CPU
		{2A4C97AB-52AC-45DC-A203-2B15CD710E5C}.Release|Any CPU.Build.0 = Release|Any CPU
		{9A51B735-D9F4-4043-A802-03F9FE0548F4}.Debug|Any CPU.ActiveCfg = Debug|Any CPU
		{9A51B735-D9F4-4043-A802-03F9FE0548F4}.Debug|Any CPU.Build.0 = Debug|Any CPU
		{9A51B735-D9F4-4043-A802-03F9FE0548F4}.Release|Any CPU.ActiveCfg = Release|Any CPU
		{9A51B735-D9F4-4043-A802-03F9FE0548F4}.Release|Any CPU.Build.0 = Release|Any CPU
		{C06DDAF5-43DC-439F-AF6A-BB1FCB191987}.Debug|Any CPU.ActiveCfg = Debug|Any CPU
		{C06DDAF5-43DC-439F-AF6A-BB1FCB191987}.Debug|Any CPU.Build.0 = Debug|Any CPU
		{C06DDAF5-43DC-439F-AF6A-BB1FCB191987}.Release|Any CPU.ActiveCfg = Release|Any CPU
		{C06DDAF5-43DC-439F-AF6A-BB1FCB191987}.Release|Any CPU.Build.0 = Release|Any CPU
		{B32F6F75-BC82-477E-BC1F-AA039B8687BC}.Debug|Any CPU.ActiveCfg = Debug|Any CPU
		{B32F6F75-BC82-477E-BC1F-AA039B8687BC}.Debug|Any CPU.Build.0 = Debug|Any CPU
		{B32F6F75-BC82-477E-BC1F-AA039B8687BC}.Release|Any CPU.ActiveCfg = Release|Any CPU
		{B32F6F75-BC82-477E-BC1F-AA039B8687BC}.Release|Any CPU.Build.0 = Release|Any CPU
	EndGlobalSection
	GlobalSection(SolutionProperties) = preSolution
		HideSolutionNode = FALSE
	EndGlobalSection
	GlobalSection(ExtensibilityGlobals) = postSolution
		SolutionGuid = {055FE8AC-3665-40BD-9F5F-984B587F2424}
	EndGlobalSection
EndGlobal
